{
  "nodes": {
    "nixpkgs": {
      "locked": {
        "lastModified": 1789546076,
        "narHash": "sha256-zVxLZiSnmaaPLwnhj7pwmqe3axBg/C6nG5JZsJMh2g4=",
        "owner": "nixos",
        "repo": "nixpkgs",
        "rev": "b1b875982b17dabde9b4a37f3e229e74913e6db3",
        "type": "github"
      },
      "original": {
        "owner": "nixos",
        "ref": "nixos-unstable",
        "repo": "nixpkgs",
        "type": "github"
      }
    },
    "root": {
      "inputs": {
        "nixpkgs": "nixpkgs",
        "waywarp": "waywarp"
      }
    },
    "waywarp": {
      "inputs": {
        "nixpkgs": [
          "nixpkgs"
        ]
      },
      "locked": {
        "lastModified": 1790753050,
        "narHash": "sha256-zQhT/gQzzAwyiXZDUN/aokU+g7/t8tNg78fYND//6Qs=",
        "owner": "apersomany",
        "repo": "waywarp",
        "rev": "5a2cb885a3c8c519b616cd89c779b1834107436f",
        "type": "github"
      },
      "original": {
        "owner": "apersomany",
        "repo": "waywarp",
        "type": "github"
      }
    }
  },
  "root": "root",
  "version": 7
}
