{
  "nodes": {
    "nixpkgs": {
      "locked": {
        "lastModified": 1789546076,
        "narHash": "sha256-zVxLZiSnmaaPLwnhj7pwmqe3axBg/C6nG5JZsJMh2g4=",
        "owner": "nixos",
        "repo": "nixpkgs",
        "rev": "b1b875982b17dabde9b4a37f3e229e74913e6db3",
        "type": "github"
      },
      "original": {
        "owner": "nixos",
        "ref": "nixos-unstable",
        "repo": "nixpkgs",
        "type": "github"
      }
    },
    "root": {
      "inputs": {
        "nixpkgs": "nixpkgs",
        "waywarp": "waywarp"
      }
    },
    "waywarp": {
      "inputs": {
        "nixpkgs": [
          "nixpkgs"
        ]
      },
      "locked": {
        "lastModified": 1790783234,
        "narHash": "sha256-5PDhDb+rf26aCy+tcnc+XkUgBQa7dbVWkIeu53tRKyw=",
        "owner": "apersomany",
        "repo": "waywarp",
        "rev": "d3d80e9d43e54e716b01f7ec4089dc8e2793f8a4",
        "type": "github"
      },
      "original": {
        "owner": "apersomany",
        "repo": "waywarp",
        "type": "github"
      }
    }
  },
  "root": "root",
  "version": 7
}
