{
  "nodes": {
    "nixos-router": {
      "inputs": {
        "nixpkgs": [
          "nixpkgs"
        ]
      },
      "locked": {
        "lastModified": 1763533732,
        "narHash": "sha256-iXSBJjxZNrQPHtaPXlwHAk/n5H4L4PID8cRDrD130Fo=",
        "owner": "chayleaf",
        "repo": "nixos-router",
        "rev": "3455070b0aaadfa884c1e31df7aef732c17cf4ac",
        "type": "github"
      },
      "original": {
        "owner": "chayleaf",
        "repo": "nixos-router",
        "type": "github"
      }
    },
    "nixpkgs": {
      "locked": {
        "lastModified": 1789546076,
        "narHash": "sha256-zVxLZiSnmaaPLwnhj7pwmqe3axBg/C6nG5JZsJMh2g4=",
        "owner": "nixos",
        "repo": "nixpkgs",
        "rev": "b1b875982b17dabde9b4a37f3e229e74913e6db3",
        "type": "github"
      },
      "original": {
        "owner": "nixos",
        "ref": "nixos-unstable",
        "repo": "nixpkgs",
        "type": "github"
      }
    },
    "notnft": {
      "inputs": {
        "nixpkgs": [
          "nixpkgs"
        ]
      },
      "locked": {
        "lastModified": 1742709880,
        "narHash": "sha256-TLyT/8sbE3XT8WuiXWEcsddPT22YhakGMwlr3jNshyY=",
        "owner": "chayleaf",
        "repo": "notnft",
        "rev": "f827912c850cb66cf489a69078ff55658f59b96f",
        "type": "github"
      },
      "original": {
        "owner": "chayleaf",
        "repo": "notnft",
        "type": "github"
      }
    },
    "root": {
      "inputs": {
        "nixos-router": "nixos-router",
        "nixpkgs": "nixpkgs",
        "notnft": "notnft"
      }
    }
  },
  "root": "root",
  "version": 7
}
